
Microsoft Visual Studio Solution File, Format Version 12.00
# Visual Studio Version 17
VisualStudioVersion = 17.14.36414.22 d17.14
MinimumVisualStudioVersion = 10.0.40219.1
Project("{FAE04EC0-301F-11D3-BF4B-00C04F79EFBC}") = "LTW_Tuan05_Bai2", "LTW_Tuan05_Bai2\LTW_Tuan05_Bai2.csproj", "{B04B7A39-5CCA-434F-B306-964F5344C8CE}"
EndProject
Global
	GlobalSection(SolutionConfigurationPlatforms) = preSolution
		Debug|Any CPU = Debug|Any CPU
		Release|Any CPU = Release|Any CPU
	EndGlobalSection
	GlobalSection(ProjectConfigurationPlatforms) = postSolution
		{B04B7A39-5CCA-434F-B306-964F5344C8CE}.Debug|Any CPU.ActiveCfg = Debug|Any CPU
		{B04B7A39-5CCA-434F-B306-964F5344C8CE}.Debug|Any CPU.Build.0 = Debug|Any CPU
		{B04B7A39-5CCA-434F-B306-964F5344C8CE}.Release|Any CPU.ActiveCfg = Release|Any CPU
		{B04B7A39-5CCA-434F-B306-964F5344C8CE}.Release|Any CPU.Build.0 = Release|Any CPU
	EndGlobalSection
	GlobalSection(SolutionProperties) = preSolution
		HideSolutionNode = FALSE
	EndGlobalSection
	GlobalSection(ExtensibilityGlobals) = postSolution
		SolutionGuid = {D21100EE-1537-44F0-AC75-449F505F47BB}
	EndGlobalSection
EndGlobal
